
Microsoft Visual Studio Solution File, Format Version 12.00
# Visual Studio Version 16
VisualStudioVersion = 16.0.32106.194
MinimumVisualStudioVersion = 10.0.40219.1
Project("{FAE04EC0-301F-11D3-BF4B-00C04F79EFBC}") = "DesafioAlexGreen_Udemy004", "DesafioAlexGreen_Udemy004.csproj", "{1A1382F0-EED3-42AF-8069-441E6A191CE0}"
EndProject
Global
	GlobalSection(SolutionConfigurationPlatforms) = preSolution
		Debug|Any CPU = Debug|Any CPU
		Release|Any CPU = Release|Any CPU
	EndGlobalSection
	GlobalSection(ProjectConfigurationPlatforms) = postSolution
		{1A1382F0-EED3-42AF-8069-441E6A191CE0}.Debug|Any CPU.ActiveCfg = Debug|Any CPU
		{1A1382F0-EED3-42AF-8069-441E6A191CE0}.Debug|Any CPU.Build.0 = Debug|Any CPU
		{1A1382F0-EED3-42AF-8069-441E6A191CE0}.Release|Any CPU.ActiveCfg = Release|Any CPU
		{1A1382F0-EED3-42AF-8069-441E6A191CE0}.Release|Any CPU.Build.0 = Release|Any CPU
	EndGlobalSection
	GlobalSection(SolutionProperties) = preSolution
		HideSolutionNode = FALSE
	EndGlobalSection
	GlobalSection(ExtensibilityGlobals) = postSolution
		SolutionGuid = {84B837D6-BC8F-4941-A2F5-7F10D2084166}
	EndGlobalSection
EndGlobal
